{
  "version": 4,
  "terraform_version": "1.6.0",
  "serial": 13,
  "lineage": "df245723-ea2f-5a57-1d17-42248cf5d7a1",
  "outputs": {
    "kubernetes_cluster_host": {
      "value": "104.196.53.137",
      "type": "string"
    },
    "kubernetes_cluster_name": {
      "value": "deb-capstone-cluster",
      "type": "string"
    },
    "location": {
      "value": "us-east1-b",
      "type": "string"
    },
    "project_id": {
      "value": "deb-capstone",
      "type": "string"
    },
    "region": {
      "value": "us-east1",
      "type": "string"
    }
  },
  "resources": [
    {
      "module": "module.cloudsql",
      "mode": "managed",
      "type": "google_sql_database",
      "name": "database",
      "provider": "provider[\"registry.terraform.io/hashicorp/google\"]",
      "instances": [
        {
          "schema_version": 0,
          "attributes": {
            "charset": "UTF8",
            "collation": "en_US.UTF8",
            "id": "projects/deb-capstone/instances/cap01instance/databases/capdb",
            "instance": "cap01instance",
            "name": "capdb",
            "project": "deb-capstone",
            "self_link": "https://sqladmin.googleapis.com/sql/v1beta4/projects/deb-capstone/instances/cap01instance/databases/capdb",
            "timeouts": null
          },
          "sensitive_attributes": [],
          "private": "eyJlMmJmYjczMC1lY2FhLTExZTYtOGY4OC0zNDM2M2JjN2M0YzAiOnsiY3JlYXRlIjo5MDAwMDAwMDAwMDAsImRlbGV0ZSI6NjAwMDAwMDAwMDAwLCJ1cGRhdGUiOjYwMDAwMDAwMDAwMH19",
          "dependencies": [
            "module.cloudsql.google_sql_database_instance.sql_instance"
          ]
        }
      ]
    },
    {
      "module": "module.cloudsql",
      "mode": "managed",
      "type": "google_sql_database_instance",
      "name": "sql_instance",
      "provider": "provider[\"registry.terraform.io/hashicorp/google\"]",
      "instances": [
        {
          "schema_version": 0,
          "attributes": {
            "clone": [],
            "connection_name": "deb-capstone:us-east1:cap01instance",
            "database_version": "POSTGRES_15",
            "deletion_protection": false,
            "first_ip_address": "34.138.108.201",
            "id": "cap01instance",
            "ip_address": [
              {
                "ip_address": "34.138.108.201",
                "time_to_retire": "",
                "type": "PRIMARY"
              },
              {
                "ip_address": "34.74.30.63",
                "time_to_retire": "",
                "type": "OUTGOING"
              }
            ],
            "master_instance_name": "",
            "name": "cap01instance",
            "private_ip_address": "",
            "project": "deb-capstone",
            "public_ip_address": "34.138.108.201",
            "region": "us-east1",
            "replica_configuration": [],
            "restore_backup_context": [],
            "root_password": null,
            "self_link": "https://sqladmin.googleapis.com/sql/v1beta4/projects/deb-capstone/instances/cap01instance",
            "server_ca_cert": [
              {
                "cert": "-----BEGIN CERTIFICATE-----\nMIIDfzCCAmegAwIBAgIBADANBgkqhkiG9w0BAQsFADB3MS0wKwYDVQQuEyQyZWMw\nYThkOC1kZjk5LTQxY2ItOGJiYS00ZmRhOTkzZDMzZmUxIzAhBgNVBAMTGkdvb2ds\nZSBDbG91ZCBTUUwgU2VydmVyIENBMRQwEgYDVQQKEwtHb29nbGUsIEluYzELMAkG\nA1UEBhMCVVMwHhcNMjMxMDI1MTYzMjI1WhcNMzMxMDIyMTYzMzI1WjB3MS0wKwYD\nVQQuEyQyZWMwYThkOC1kZjk5LTQxY2ItOGJiYS00ZmRhOTkzZDMzZmUxIzAhBgNV\nBAMTGkdvb2dsZSBDbG91ZCBTUUwgU2VydmVyIENBMRQwEgYDVQQKEwtHb29nbGUs\nIEluYzELMAkGA1UEBhMCVVMwggEiMA0GCSqGSIb3DQEBAQUAA4IBDwAwggEKAoIB\nAQCeETcZcYZRWwlg0YarXxlIcFsjo639psas3lgIsX0GrhgFwEE7ur25FQLZTG/a\ndXhmN2s4n4N/CXhpo/m2AXJYoUsw3MvwMymVwrcE8ZVqsUI2UL8Te7Ys3aoyeFhj\ne05HrslNWbrs8JIklJkdyICNQL9EEvvA88P9aUI4OGjhBSBDoD1Csr6XWwgXAJyE\nth+bbYhAf7KU16Uqjb3cF5dS5PB21png4K1ZHt6jVDyxar9ry9CXavM+TNm2UqcD\n3dnbV/6n74s57uzC19tYEvpBIGkBj60//ErqLU7R+D7BA/zsyTfcYyv+4OaWBf5z\nfxMGk7Fyg4MrgXRmTR4D2uqbAgMBAAGjFjAUMBIGA1UdEwEB/wQIMAYBAf8CAQAw\nDQYJKoZIhvcNAQELBQADggEBAAbXLCebDN9Y3t/k2bZyHKcEPL1WtpjCIWCZe4T0\nKwTGk/sXm1gjOEBmnGUUTVUySgRX9pFarKKu7U8AJKnxXVBdpEHoD2jfcDxzpMvP\npabPvU6j0RRa6KAQtwwDl6dUKmjYFFCAfWR6cKuN0kvdUAEBmXgS9109KrRosCBa\nn9HKDfJFT4M+Ko4+dzNqVdcLblsz6lVg5k0/UgmaR/UtVaUlPbQtnH3cPYDf69Fw\nWlZbN2ESC0iQ3IH+WdVBSQnxb797/Lk1Bqad2FYUZe/nC+urG1r7mslhQxwJn3Jq\nm+qIHU8Hlwr8LqT1ZkiiotB3gSOhDfob2JH2GvlSd5uhss0=\n-----END CERTIFICATE-----",
                "common_name": "C=US,O=Google\\, Inc,CN=Google Cloud SQL Server CA,dnQualifier=2ec0a8d8-df99-41cb-8bba-4fda993d33fe",
                "create_time": "2023-10-25T16:32:25.306Z",
                "expiration_time": "2033-10-22T16:33:25.306Z",
                "sha1_fingerprint": "e6e705052bab3dd95d3f6ca0a18dbbc87af29d3b"
              }
            ],
            "service_account_email_address": "p2830736269-h6kkiq@gcp-sa-cloud-sql.iam.gserviceaccount.com",
            "settings": [
              {
                "activation_policy": "ALWAYS",
                "authorized_gae_applications": [],
                "availability_type": "ZONAL",
                "backup_configuration": [
                  {
                    "backup_retention_settings": [
                      {
                        "retained_backups": 7,
                        "retention_unit": "COUNT"
                      }
                    ],
                    "binary_log_enabled": false,
                    "enabled": false,
                    "location": "",
                    "point_in_time_recovery_enabled": false,
                    "start_time": "13:00",
                    "transaction_log_retention_days": 7
                  }
                ],
                "crash_safe_replication": false,
                "database_flags": [],
                "disk_autoresize": true,
                "disk_autoresize_limit": 0,
                "disk_size": 10,
                "disk_type": "PD_SSD",
                "insights_config": [],
                "ip_configuration": [
                  {
                    "authorized_networks": [
                      {
                        "expiration_time": "",
                        "name": "test-cluster",
                        "value": "0.0.0.0/0"
                      }
                    ],
                    "ipv4_enabled": true,
                    "private_network": "",
                    "require_ssl": false
                  }
                ],
                "location_preference": [
                  {
                    "follow_gae_application": "",
                    "zone": "us-east1-b"
                  }
                ],
                "maintenance_window": [],
                "pricing_plan": "PER_USE",
                "replication_type": "SYNCHRONOUS",
                "tier": "db-f1-micro",
                "user_labels": {},
                "version": 1
              }
            ],
            "timeouts": null
          },
          "sensitive_attributes": [],
          "private": "eyJlMmJmYjczMC1lY2FhLTExZTYtOGY4OC0zNDM2M2JjN2M0YzAiOnsiY3JlYXRlIjoxODAwMDAwMDAwMDAwLCJkZWxldGUiOjE4MDAwMDAwMDAwMDAsInVwZGF0ZSI6MTgwMDAwMDAwMDAwMH19"
        }
      ]
    },
    {
      "module": "module.cloudsql",
      "mode": "managed",
      "type": "google_sql_user",
      "name": "users",
      "provider": "provider[\"registry.terraform.io/hashicorp/google\"]",
      "instances": [
        {
          "schema_version": 1,
          "attributes": {
            "deletion_policy": null,
            "host": "",
            "id": "capuser//cap01instance",
            "instance": "cap01instance",
            "name": "capuser",
            "password": "cappassword",
            "project": "deb-capstone",
            "timeouts": null,
            "type": ""
          },
          "sensitive_attributes": [],
          "private": "eyJlMmJmYjczMC1lY2FhLTExZTYtOGY4OC0zNDM2M2JjN2M0YzAiOnsiY3JlYXRlIjo2MDAwMDAwMDAwMDAsImRlbGV0ZSI6NjAwMDAwMDAwMDAwLCJ1cGRhdGUiOjYwMDAwMDAwMDAwMH0sInNjaGVtYV92ZXJzaW9uIjoiMSJ9",
          "dependencies": [
            "module.cloudsql.google_sql_database_instance.sql_instance"
          ]
        }
      ]
    },
    {
      "module": "module.gke",
      "mode": "managed",
      "type": "google_container_cluster",
      "name": "primary",
      "provider": "provider[\"registry.terraform.io/hashicorp/google\"]",
      "instances": [
        {
          "schema_version": 1,
          "attributes": {
            "addons_config": [
              {
                "cloudrun_config": [],
                "horizontal_pod_autoscaling": [],
                "http_load_balancing": [],
                "network_policy_config": [
                  {
                    "disabled": true
                  }
                ]
              }
            ],
            "authenticator_groups_config": [],
            "cluster_autoscaling": [
              {
                "auto_provisioning_defaults": [],
                "enabled": false,
                "resource_limits": []
              }
            ],
            "cluster_ipv4_cidr": "10.12.0.0/14",
            "database_encryption": [
              {
                "key_name": "",
                "state": "DECRYPTED"
              }
            ],
            "datapath_provider": "",
            "default_max_pods_per_node": 110,
            "default_snat_status": [
              {
                "disabled": false
              }
            ],
            "description": "",
            "enable_autopilot": false,
            "enable_binary_authorization": false,
            "enable_intranode_visibility": false,
            "enable_kubernetes_alpha": false,
            "enable_legacy_abac": false,
            "enable_shielded_nodes": false,
            "enable_tpu": false,
            "endpoint": "104.196.53.137",
            "id": "projects/deb-capstone/locations/us-east1-b/clusters/deb-capstone-cluster",
            "initial_node_count": 1,
            "instance_group_urls": [],
            "ip_allocation_policy": [
              {
                "cluster_ipv4_cidr_block": "10.12.0.0/14",
                "cluster_secondary_range_name": "gke-deb-capstone-cluster-pods-738a675c",
                "services_ipv4_cidr_block": "10.16.0.0/20",
                "services_secondary_range_name": "gke-deb-capstone-cluster-services-738a675c"
              }
            ],
            "label_fingerprint": "a9dc16a7",
            "location": "us-east1-b",
            "logging_service": "logging.googleapis.com/kubernetes",
            "maintenance_policy": [],
            "master_auth": [
              {
                "client_certificate": "",
                "client_certificate_config": [
                  {
                    "issue_client_certificate": false
                  }
                ],
                "client_key": "",
                "cluster_ca_certificate": "LS0tLS1CRUdJTiBDRVJUSUZJQ0FURS0tLS0tCk1JSUVMRENDQXBTZ0F3SUJBZ0lRSzFObklkOHcycFJPWWlyR2FQM1ljekFOQmdrcWhraUc5dzBCQVFzRkFEQXYKTVMwd0t3WURWUVFERXlReU5XWXhOakJrWVMwellUQTVMVFExWXprdE9ESXhOaTFoWmpsaE1UUTFObUZqWm1JdwpJQmNOTWpNeE1ESTFNVFV6TWpBMldoZ1BNakExTXpFd01UY3hOak15TURaYU1DOHhMVEFyQmdOVkJBTVRKREkxClpqRTJNR1JoTFROaE1Ea3RORFZqT1MwNE1qRTJMV0ZtT1dFeE5EVTJZV05tWWpDQ0FhSXdEUVlKS29aSWh2Y04KQVFFQkJRQURnZ0dQQURDQ0FZb0NnZ0dCQUowblhWc3o0eHRUcmNXdG1KdHovRWFoM3NQS0Q5SDJ2ZXdPV0hPLwplWFNnQStoODhBVCtWK2pFVDVrKzRXc2pBQ1NEaFg5bTBRWmhVVXR2VnFRMjdTNXNtODBTUkdQRjZLaTE1NU5YCjVNNzg4V2ZNWlB3NGVYclNHenRhT0kwYkZWeHBremdHWGlWL0lmSXlTZllPNEZQUzlVTW9yRUlyYnUzS3RxK3gKMFZZYW5SQjdJcHlwV3p0U04zSnVZVlNtSnZCODBoYUlKQVZaSlJCRkVGVkY0N2lZTUpZcjcrNCtTZDBCK3BrMQp2WWdkTCtqWVpsVDRwTzNyandlZ0ljNkVLMjkzZ3pxazg0T212K1lqSG5SYXMvZ1pnUnNnL2h6ZktoVEJoSzB1CmlBbnlWR2FENittdlFHZ0hhYU1jd0cvc3B2dWtqSmRDZWNPZEkzOWFod1c1dDArbFRleDczbkxJOWRCMjF5N3UKSkVjZ2NsZmUvWTJZc1VZOExzSUR4ZnNUUExGaHlWSEwzZUh4ZWRrZXZhL2VzNzIrY214MXJ0TlkzWC9jUWdrMAp0cS96c3BuSUJQVmJyTXhBc3VPaWRBMUE1NnZLbGE1ZGtUeGVLd0FsSC9vWnYzR3dSeklGaHJ0QktlbENPYVBnCkw3L0RLOUJPdU01andYR2x4dzJJRDEwQ2V3SURBUUFCbzBJd1FEQU9CZ05WSFE4QkFmOEVCQU1DQWdRd0R3WUQKVlIwVEFRSC9CQVV3QXdFQi96QWRCZ05WSFE0RUZnUVVOR3RQMFh0cHA4UThnVC83L1hBd0xWTDhRRDR3RFFZSgpLb1pJaHZjTkFRRUxCUUFEZ2dHQkFIbzIwRzJwcEFPOUdXYkFuZUMyUkRYZ2FQRWdQZHN2U1ovMnF4K1V2b0tRCnZ2eklpdWRpUDZ6Sit1amZLWVROWEw0dG1jQm1LWVBKUDNHL1JSY09RbWUyYnYxQzVKenJEVkpaejdwVVZCdHAKUW9CQXd3NVhMQmV3WXcwL2p2azdTY296VlJEZytHREtJZjdpeEg1eFpidXp2Zm1QK2tydkVUbkNGc2FUaGt2Uwp3ZmV2aHh3K2graWFYZXVLaGFGNlZ2Zmt5bk5DVGJ0dDJWdFROaUExNmpWeVBCb3R5cWxVSzc5Q1c5MDAyYUpTCnNHTlFOMkh6N1NBSEl0VG1mT0JpdWZXbFVtZXArL1cvUDZKNkpvSjVVaUczbVNiWVp5V1R0bnE0bHhEa2FWa1UKSC9JZ1NmdnB5aW5wRjBzOW1la1g0ZnIvR3hsRzRldkxJdEJHQkMwT3Z2TVhOYjNzY3RSaTRVWWI1czNMQURNNwpVb2Y5RkkvNnc4aWlTNnlWL09xN3lxVzRhVkdEK1A3ek1LVHFVMnZqWlZ4NmdaMGNqekFTZ0x3RnUyb2JmUnhiCjJlZVJUTGdXRTRYYytjR2tqQys5eHVZUk1ZR2UxREdzNGZNRmhrcWtoa1pGd3J6cysxWm83c1UveWhvR0w1ZFAKNWcxUHJRTDdEaXRiakllRk9DT1l6Zz09Ci0tLS0tRU5EIENFUlRJRklDQVRFLS0tLS0K",
                "password": "",
                "username": ""
              }
            ],
            "master_authorized_networks_config": [],
            "master_version": "1.27.3-gke.100",
            "min_master_version": null,
            "monitoring_service": "monitoring.googleapis.com/kubernetes",
            "name": "deb-capstone-cluster",
            "network": "projects/deb-capstone/global/networks/deb-capstone-vpc",
            "network_policy": [
              {
                "enabled": false,
                "provider": "PROVIDER_UNSPECIFIED"
              }
            ],
            "networking_mode": "VPC_NATIVE",
            "node_config": [],
            "node_locations": [],
            "node_pool": [],
            "node_version": "1.27.3-gke.100",
            "operation": null,
            "pod_security_policy_config": [],
            "private_cluster_config": [
              {
                "enable_private_endpoint": false,
                "enable_private_nodes": false,
                "master_global_access_config": [
                  {
                    "enabled": false
                  }
                ],
                "master_ipv4_cidr_block": "",
                "peering_name": "",
                "private_endpoint": "10.0.1.2",
                "public_endpoint": "104.196.53.137"
              }
            ],
            "private_ipv6_google_access": "",
            "project": "deb-capstone",
            "release_channel": [
              {
                "channel": "REGULAR"
              }
            ],
            "remove_default_node_pool": true,
            "resource_labels": null,
            "resource_usage_export_config": [],
            "self_link": "https://container.googleapis.com/v1beta1/projects/deb-capstone/zones/us-east1-b/clusters/deb-capstone-cluster",
            "services_ipv4_cidr": "10.16.0.0/20",
            "subnetwork": "projects/deb-capstone/regions/us-east1/subnetworks/private-0-private-subnet",
            "timeouts": null,
            "tpu_ipv4_cidr_block": "",
            "vertical_pod_autoscaling": [],
            "workload_identity_config": []
          },
          "sensitive_attributes": [],
          "private": "eyJlMmJmYjczMC1lY2FhLTExZTYtOGY4OC0zNDM2M2JjN2M0YzAiOnsiY3JlYXRlIjoyNDAwMDAwMDAwMDAwLCJkZWxldGUiOjI0MDAwMDAwMDAwMDAsInJlYWQiOjI0MDAwMDAwMDAwMDAsInVwZGF0ZSI6MzYwMDAwMDAwMDAwMH0sInNjaGVtYV92ZXJzaW9uIjoiMSJ9",
          "dependencies": [
            "module.vpc.google_compute_network.main-vpc",
            "module.vpc.google_compute_subnetwork.private_subnets"
          ]
        }
      ]
    },
    {
      "module": "module.gke",
      "mode": "managed",
      "type": "google_container_node_pool",
      "name": "primary_nodes",
      "provider": "provider[\"registry.terraform.io/hashicorp/google\"]",
      "instances": [
        {
          "schema_version": 1,
          "attributes": {
            "autoscaling": [],
            "cluster": "deb-capstone-cluster",
            "id": "projects/deb-capstone/locations/us-east1-b/clusters/deb-capstone-cluster/nodePools/deb-capstone-cluster-node-pool",
            "initial_node_count": 2,
            "instance_group_urls": [
              "https://www.googleapis.com/compute/v1/projects/deb-capstone/zones/us-east1-b/instanceGroupManagers/gke-deb-capstone-clu-deb-capstone-clu-aac91ded-grp"
            ],
            "location": "us-east1-b",
            "management": [
              {
                "auto_repair": true,
                "auto_upgrade": true
              }
            ],
            "max_pods_per_node": 110,
            "name": "deb-capstone-cluster-node-pool",
            "name_prefix": "",
            "node_config": [
              {
                "disk_size_gb": 100,
                "disk_type": "pd-balanced",
                "guest_accelerator": [],
                "image_type": "COS_CONTAINERD",
                "labels": {
                  "env": "deb-capstone"
                },
                "local_ssd_count": 0,
                "machine_type": "n1-standard-2",
                "metadata": {
                  "disable-legacy-endpoints": "true"
                },
                "min_cpu_platform": "",
                "oauth_scopes": [
                  "https://www.googleapis.com/auth/logging.write",
                  "https://www.googleapis.com/auth/monitoring"
                ],
                "preemptible": false,
                "service_account": "default",
                "shielded_instance_config": [
                  {
                    "enable_integrity_monitoring": true,
                    "enable_secure_boot": false
                  }
                ],
                "tags": [
                  "gke-node",
                  "deb-capstone-gke"
                ],
                "taint": [],
                "workload_metadata_config": []
              }
            ],
            "node_count": 2,
            "node_locations": [
              "us-east1-b"
            ],
            "operation": null,
            "project": "deb-capstone",
            "timeouts": null,
            "upgrade_settings": [
              {
                "max_surge": 1,
                "max_unavailable": 0
              }
            ],
            "version": "1.27.3-gke.100"
          },
          "sensitive_attributes": [],
          "private": "eyJlMmJmYjczMC1lY2FhLTExZTYtOGY4OC0zNDM2M2JjN2M0YzAiOnsiY3JlYXRlIjoxODAwMDAwMDAwMDAwLCJkZWxldGUiOjE4MDAwMDAwMDAwMDAsInVwZGF0ZSI6MTgwMDAwMDAwMDAwMH0sInNjaGVtYV92ZXJzaW9uIjoiMSJ9",
          "dependencies": [
            "module.gke.google_container_cluster.primary",
            "module.vpc.google_compute_network.main-vpc",
            "module.vpc.google_compute_subnetwork.private_subnets"
          ]
        }
      ]
    },
    {
      "module": "module.vpc",
      "mode": "managed",
      "type": "google_compute_network",
      "name": "main-vpc",
      "provider": "provider[\"registry.terraform.io/hashicorp/google\"]",
      "instances": [
        {
          "schema_version": 0,
          "attributes": {
            "auto_create_subnetworks": false,
            "delete_default_routes_on_create": false,
            "description": "",
            "gateway_ipv4": "",
            "id": "projects/deb-capstone/global/networks/deb-capstone-vpc",
            "mtu": 0,
            "name": "deb-capstone-vpc",
            "project": "deb-capstone",
            "routing_mode": "REGIONAL",
            "self_link": "https://www.googleapis.com/compute/v1/projects/deb-capstone/global/networks/deb-capstone-vpc",
            "timeouts": null
          },
          "sensitive_attributes": [],
          "private": "eyJlMmJmYjczMC1lY2FhLTExZTYtOGY4OC0zNDM2M2JjN2M0YzAiOnsiY3JlYXRlIjoyNDAwMDAwMDAwMDAsImRlbGV0ZSI6MjQwMDAwMDAwMDAwLCJ1cGRhdGUiOjI0MDAwMDAwMDAwMH19"
        }
      ]
    },
    {
      "module": "module.vpc",
      "mode": "managed",
      "type": "google_compute_subnetwork",
      "name": "private_subnets",
      "provider": "provider[\"registry.terraform.io/hashicorp/google\"]",
      "instances": [
        {
          "index_key": 0,
          "schema_version": 0,
          "attributes": {
            "creation_timestamp": "2023-10-25T09:31:40.567-07:00",
            "description": "",
            "fingerprint": null,
            "gateway_address": "10.0.1.1",
            "id": "projects/deb-capstone/regions/us-east1/subnetworks/private-0-private-subnet",
            "ip_cidr_range": "10.0.1.0/24",
            "log_config": [],
            "name": "private-0-private-subnet",
            "network": "https://www.googleapis.com/compute/v1/projects/deb-capstone/global/networks/deb-capstone-vpc",
            "private_ip_google_access": false,
            "private_ipv6_google_access": "DISABLE_GOOGLE_ACCESS",
            "project": "deb-capstone",
            "region": "us-east1",
            "secondary_ip_range": [],
            "self_link": "https://www.googleapis.com/compute/v1/projects/deb-capstone/regions/us-east1/subnetworks/private-0-private-subnet",
            "timeouts": null
          },
          "sensitive_attributes": [],
          "private": "eyJlMmJmYjczMC1lY2FhLTExZTYtOGY4OC0zNDM2M2JjN2M0YzAiOnsiY3JlYXRlIjozNjAwMDAwMDAwMDAsImRlbGV0ZSI6MzYwMDAwMDAwMDAwLCJ1cGRhdGUiOjM2MDAwMDAwMDAwMH19",
          "dependencies": [
            "module.vpc.google_compute_network.main-vpc"
          ]
        },
        {
          "index_key": 1,
          "schema_version": 0,
          "attributes": {
            "creation_timestamp": "2023-10-25T09:31:41.377-07:00",
            "description": "",
            "fingerprint": null,
            "gateway_address": "10.0.2.1",
            "id": "projects/deb-capstone/regions/us-east1/subnetworks/private-1-private-subnet",
            "ip_cidr_range": "10.0.2.0/24",
            "log_config": [],
            "name": "private-1-private-subnet",
            "network": "https://www.googleapis.com/compute/v1/projects/deb-capstone/global/networks/deb-capstone-vpc",
            "private_ip_google_access": false,
            "private_ipv6_google_access": "DISABLE_GOOGLE_ACCESS",
            "project": "deb-capstone",
            "region": "us-east1",
            "secondary_ip_range": [],
            "self_link": "https://www.googleapis.com/compute/v1/projects/deb-capstone/regions/us-east1/subnetworks/private-1-private-subnet",
            "timeouts": null
          },
          "sensitive_attributes": [],
          "private": "eyJlMmJmYjczMC1lY2FhLTExZTYtOGY4OC0zNDM2M2JjN2M0YzAiOnsiY3JlYXRlIjozNjAwMDAwMDAwMDAsImRlbGV0ZSI6MzYwMDAwMDAwMDAwLCJ1cGRhdGUiOjM2MDAwMDAwMDAwMH19",
          "dependencies": [
            "module.vpc.google_compute_network.main-vpc"
          ]
        },
        {
          "index_key": 2,
          "schema_version": 0,
          "attributes": {
            "creation_timestamp": "2023-10-25T09:31:41.377-07:00",
            "description": "",
            "fingerprint": null,
            "gateway_address": "10.0.3.1",
            "id": "projects/deb-capstone/regions/us-east1/subnetworks/private-2-private-subnet",
            "ip_cidr_range": "10.0.3.0/24",
            "log_config": [],
            "name": "private-2-private-subnet",
            "network": "https://www.googleapis.com/compute/v1/projects/deb-capstone/global/networks/deb-capstone-vpc",
            "private_ip_google_access": false,
            "private_ipv6_google_access": "DISABLE_GOOGLE_ACCESS",
            "project": "deb-capstone",
            "region": "us-east1",
            "secondary_ip_range": [],
            "self_link": "https://www.googleapis.com/compute/v1/projects/deb-capstone/regions/us-east1/subnetworks/private-2-private-subnet",
            "timeouts": null
          },
          "sensitive_attributes": [],
          "private": "eyJlMmJmYjczMC1lY2FhLTExZTYtOGY4OC0zNDM2M2JjN2M0YzAiOnsiY3JlYXRlIjozNjAwMDAwMDAwMDAsImRlbGV0ZSI6MzYwMDAwMDAwMDAwLCJ1cGRhdGUiOjM2MDAwMDAwMDAwMH19",
          "dependencies": [
            "module.vpc.google_compute_network.main-vpc"
          ]
        }
      ]
    },
    {
      "module": "module.vpc",
      "mode": "managed",
      "type": "google_compute_subnetwork",
      "name": "public_subnets",
      "provider": "provider[\"registry.terraform.io/hashicorp/google\"]",
      "instances": [
        {
          "index_key": 0,
          "schema_version": 0,
          "attributes": {
            "creation_timestamp": "2023-10-25T09:31:41.407-07:00",
            "description": "",
            "fingerprint": null,
            "gateway_address": "10.0.4.1",
            "id": "projects/deb-capstone/regions/us-east1/subnetworks/public-0-public-subnet",
            "ip_cidr_range": "10.0.4.0/24",
            "log_config": [],
            "name": "public-0-public-subnet",
            "network": "https://www.googleapis.com/compute/v1/projects/deb-capstone/global/networks/deb-capstone-vpc",
            "private_ip_google_access": false,
            "private_ipv6_google_access": "DISABLE_GOOGLE_ACCESS",
            "project": "deb-capstone",
            "region": "us-east1",
            "secondary_ip_range": [],
            "self_link": "https://www.googleapis.com/compute/v1/projects/deb-capstone/regions/us-east1/subnetworks/public-0-public-subnet",
            "timeouts": null
          },
          "sensitive_attributes": [],
          "private": "eyJlMmJmYjczMC1lY2FhLTExZTYtOGY4OC0zNDM2M2JjN2M0YzAiOnsiY3JlYXRlIjozNjAwMDAwMDAwMDAsImRlbGV0ZSI6MzYwMDAwMDAwMDAwLCJ1cGRhdGUiOjM2MDAwMDAwMDAwMH19",
          "dependencies": [
            "module.vpc.google_compute_network.main-vpc"
          ]
        },
        {
          "index_key": 1,
          "schema_version": 0,
          "attributes": {
            "creation_timestamp": "2023-10-25T09:31:41.379-07:00",
            "description": "",
            "fingerprint": null,
            "gateway_address": "10.0.5.1",
            "id": "projects/deb-capstone/regions/us-east1/subnetworks/public-1-public-subnet",
            "ip_cidr_range": "10.0.5.0/24",
            "log_config": [],
            "name": "public-1-public-subnet",
            "network": "https://www.googleapis.com/compute/v1/projects/deb-capstone/global/networks/deb-capstone-vpc",
            "private_ip_google_access": false,
            "private_ipv6_google_access": "DISABLE_GOOGLE_ACCESS",
            "project": "deb-capstone",
            "region": "us-east1",
            "secondary_ip_range": [],
            "self_link": "https://www.googleapis.com/compute/v1/projects/deb-capstone/regions/us-east1/subnetworks/public-1-public-subnet",
            "timeouts": null
          },
          "sensitive_attributes": [],
          "private": "eyJlMmJmYjczMC1lY2FhLTExZTYtOGY4OC0zNDM2M2JjN2M0YzAiOnsiY3JlYXRlIjozNjAwMDAwMDAwMDAsImRlbGV0ZSI6MzYwMDAwMDAwMDAwLCJ1cGRhdGUiOjM2MDAwMDAwMDAwMH19",
          "dependencies": [
            "module.vpc.google_compute_network.main-vpc"
          ]
        },
        {
          "index_key": 2,
          "schema_version": 0,
          "attributes": {
            "creation_timestamp": "2023-10-25T09:31:41.377-07:00",
            "description": "",
            "fingerprint": null,
            "gateway_address": "10.0.6.1",
            "id": "projects/deb-capstone/regions/us-east1/subnetworks/public-2-public-subnet",
            "ip_cidr_range": "10.0.6.0/24",
            "log_config": [],
            "name": "public-2-public-subnet",
            "network": "https://www.googleapis.com/compute/v1/projects/deb-capstone/global/networks/deb-capstone-vpc",
            "private_ip_google_access": false,
            "private_ipv6_google_access": "DISABLE_GOOGLE_ACCESS",
            "project": "deb-capstone",
            "region": "us-east1",
            "secondary_ip_range": [],
            "self_link": "https://www.googleapis.com/compute/v1/projects/deb-capstone/regions/us-east1/subnetworks/public-2-public-subnet",
            "timeouts": null
          },
          "sensitive_attributes": [],
          "private": "eyJlMmJmYjczMC1lY2FhLTExZTYtOGY4OC0zNDM2M2JjN2M0YzAiOnsiY3JlYXRlIjozNjAwMDAwMDAwMDAsImRlbGV0ZSI6MzYwMDAwMDAwMDAwLCJ1cGRhdGUiOjM2MDAwMDAwMDAwMH19",
          "dependencies": [
            "module.vpc.google_compute_network.main-vpc"
          ]
        }
      ]
    }
  ],
  "check_results": null
}
